
Microsoft Visual Studio Solution File, Format Version 12.00
# Visual Studio Version 16
VisualStudioVersion = 16.0.32228.343
MinimumVisualStudioVersion = 10.0.40219.1
Project("{FAE04EC0-301F-11D3-BF4B-00C04F79EFBC}") = "IncomeComparisonProgram", "IncomeComparisonProgram.csproj", "{CFA2E3CE-3979-480A-870E-F4230EC87C78}"
EndProject
Global
	GlobalSection(SolutionConfigurationPlatforms) = preSolution
		Debug|Any CPU = Debug|Any CPU
		Release|Any CPU = Release|Any CPU
	EndGlobalSection
	GlobalSection(ProjectConfigurationPlatforms) = postSolution
		{CFA2E3CE-3979-480A-870E-F4230EC87C78}.Debug|Any CPU.ActiveCfg = Debug|Any CPU
		{CFA2E3CE-3979-480A-870E-F4230EC87C78}.Debug|Any CPU.Build.0 = Debug|Any CPU
		{CFA2E3CE-3979-480A-870E-F4230EC87C78}.Release|Any CPU.ActiveCfg = Release|Any CPU
		{CFA2E3CE-3979-480A-870E-F4230EC87C78}.Release|Any CPU.Build.0 = Release|Any CPU
	EndGlobalSection
	GlobalSection(SolutionProperties) = preSolution
		HideSolutionNode = FALSE
	EndGlobalSection
	GlobalSection(ExtensibilityGlobals) = postSolution
		SolutionGuid = {850251AF-BCC6-4706-A3DC-634F5A45595B}
	EndGlobalSection
EndGlobal
