
Microsoft Visual Studio Solution File, Format Version 12.00
# Visual Studio Version 16
VisualStudioVersion = 16.0.32228.343
MinimumVisualStudioVersion = 10.0.40219.1
Project("{FAE04EC0-301F-11D3-BF4B-00C04F79EFBC}") = "InputDemo", "InputDemo.csproj", "{88EF00DF-6E3C-40A0-B4F5-3465E28D48B6}"
EndProject
Global
	GlobalSection(SolutionConfigurationPlatforms) = preSolution
		Debug|Any CPU = Debug|Any CPU
		Release|Any CPU = Release|Any CPU
	EndGlobalSection
	GlobalSection(ProjectConfigurationPlatforms) = postSolution
		{88EF00DF-6E3C-40A0-B4F5-3465E28D48B6}.Debug|Any CPU.ActiveCfg = Debug|Any CPU
		{88EF00DF-6E3C-40A0-B4F5-3465E28D48B6}.Debug|Any CPU.Build.0 = Debug|Any CPU
		{88EF00DF-6E3C-40A0-B4F5-3465E28D48B6}.Release|Any CPU.ActiveCfg = Release|Any CPU
		{88EF00DF-6E3C-40A0-B4F5-3465E28D48B6}.Release|Any CPU.Build.0 = Release|Any CPU
	EndGlobalSection
	GlobalSection(SolutionProperties) = preSolution
		HideSolutionNode = FALSE
	EndGlobalSection
	GlobalSection(ExtensibilityGlobals) = postSolution
		SolutionGuid = {4A9C03F6-0934-457F-A215-0EB74E7258BB}
	EndGlobalSection
EndGlobal
