
Microsoft Visual Studio Solution File, Format Version 12.00
# Visual Studio Version 16
VisualStudioVersion = 16.0.32228.343
MinimumVisualStudioVersion = 10.0.40219.1
Project("{FAE04EC0-301F-11D3-BF4B-00C04F79EFBC}") = "VoidMethod", "VoidMethod.csproj", "{7CE7EC99-3072-4383-B18A-280401E7D4FF}"
EndProject
Global
	GlobalSection(SolutionConfigurationPlatforms) = preSolution
		Debug|Any CPU = Debug|Any CPU
		Release|Any CPU = Release|Any CPU
	EndGlobalSection
	GlobalSection(ProjectConfigurationPlatforms) = postSolution
		{7CE7EC99-3072-4383-B18A-280401E7D4FF}.Debug|Any CPU.ActiveCfg = Debug|Any CPU
		{7CE7EC99-3072-4383-B18A-280401E7D4FF}.Debug|Any CPU.Build.0 = Debug|Any CPU
		{7CE7EC99-3072-4383-B18A-280401E7D4FF}.Release|Any CPU.ActiveCfg = Release|Any CPU
		{7CE7EC99-3072-4383-B18A-280401E7D4FF}.Release|Any CPU.Build.0 = Release|Any CPU
	EndGlobalSection
	GlobalSection(SolutionProperties) = preSolution
		HideSolutionNode = FALSE
	EndGlobalSection
	GlobalSection(ExtensibilityGlobals) = postSolution
		SolutionGuid = {6D302C95-5315-4759-AC6E-88C313AAE0A7}
	EndGlobalSection
EndGlobal
