
Microsoft Visual Studio Solution File, Format Version 12.00
# Visual Studio Version 16
VisualStudioVersion = 16.0.32228.343
MinimumVisualStudioVersion = 10.0.40219.1
Project("{FAE04EC0-301F-11D3-BF4B-00C04F79EFBC}") = "Branching-ShippingQuote", "Branching-ShippingQuote.csproj", "{3BC1E8D2-4E68-47BE-B5A5-1569CC426CA3}"
EndProject
Global
	GlobalSection(SolutionConfigurationPlatforms) = preSolution
		Debug|Any CPU = Debug|Any CPU
		Release|Any CPU = Release|Any CPU
	EndGlobalSection
	GlobalSection(ProjectConfigurationPlatforms) = postSolution
		{3BC1E8D2-4E68-47BE-B5A5-1569CC426CA3}.Debug|Any CPU.ActiveCfg = Debug|Any CPU
		{3BC1E8D2-4E68-47BE-B5A5-1569CC426CA3}.Debug|Any CPU.Build.0 = Debug|Any CPU
		{3BC1E8D2-4E68-47BE-B5A5-1569CC426CA3}.Release|Any CPU.ActiveCfg = Release|Any CPU
		{3BC1E8D2-4E68-47BE-B5A5-1569CC426CA3}.Release|Any CPU.Build.0 = Release|Any CPU
	EndGlobalSection
	GlobalSection(SolutionProperties) = preSolution
		HideSolutionNode = FALSE
	EndGlobalSection
	GlobalSection(ExtensibilityGlobals) = postSolution
		SolutionGuid = {AECE0547-5EB9-43F1-90D2-7E784B169A26}
	EndGlobalSection
EndGlobal
