
Microsoft Visual Studio Solution File, Format Version 12.00
# Visual Studio Version 16
VisualStudioVersion = 16.0.32228.343
MinimumVisualStudioVersion = 10.0.40219.1
Project("{FAE04EC0-301F-11D3-BF4B-00C04F79EFBC}") = "BooleanLogic", "BooleanLogic.csproj", "{F2662C20-A897-4657-9E1A-D4C88539D6DA}"
EndProject
Global
	GlobalSection(SolutionConfigurationPlatforms) = preSolution
		Debug|Any CPU = Debug|Any CPU
		Release|Any CPU = Release|Any CPU
	EndGlobalSection
	GlobalSection(ProjectConfigurationPlatforms) = postSolution
		{F2662C20-A897-4657-9E1A-D4C88539D6DA}.Debug|Any CPU.ActiveCfg = Debug|Any CPU
		{F2662C20-A897-4657-9E1A-D4C88539D6DA}.Debug|Any CPU.Build.0 = Debug|Any CPU
		{F2662C20-A897-4657-9E1A-D4C88539D6DA}.Release|Any CPU.ActiveCfg = Release|Any CPU
		{F2662C20-A897-4657-9E1A-D4C88539D6DA}.Release|Any CPU.Build.0 = Release|Any CPU
	EndGlobalSection
	GlobalSection(SolutionProperties) = preSolution
		HideSolutionNode = FALSE
	EndGlobalSection
	GlobalSection(ExtensibilityGlobals) = postSolution
		SolutionGuid = {2D22A8D1-E8A3-4659-9E47-52D8886E4232}
	EndGlobalSection
EndGlobal
